
Microsoft Visual Studio Solution File, Format Version 12.00
# Visual Studio Version 17
VisualStudioVersion = 17.13.35825.156 d17.13
MinimumVisualStudioVersion = 10.0.40219.1
Project("{FAE04EC0-301F-11D3-BF4B-00C04F79EFBC}") = "TeamGamePlanner", "TeamGamePlanner.csproj", "{D27BA8B2-3D9D-4F1F-B11B-3D8CD2BC2912}"
EndProject
Global
	GlobalSection(SolutionConfigurationPlatforms) = preSolution
		Debug|Any CPU = Debug|Any CPU
		Release|Any CPU = Release|Any CPU
	EndGlobalSection
	GlobalSection(ProjectConfigurationPlatforms) = postSolution
		{D27BA8B2-3D9D-4F1F-B11B-3D8CD2BC2912}.Debug|Any CPU.ActiveCfg = Debug|Any CPU
		{D27BA8B2-3D9D-4F1F-B11B-3D8CD2BC2912}.Debug|Any CPU.Build.0 = Debug|Any CPU
		{D27BA8B2-3D9D-4F1F-B11B-3D8CD2BC2912}.Release|Any CPU.ActiveCfg = Release|Any CPU
		{D27BA8B2-3D9D-4F1F-B11B-3D8CD2BC2912}.Release|Any CPU.Build.0 = Release|Any CPU
	EndGlobalSection
	GlobalSection(SolutionProperties) = preSolution
		HideSolutionNode = FALSE
	EndGlobalSection
	GlobalSection(ExtensibilityGlobals) = postSolution
		SolutionGuid = {4FF6BFEA-A2C3-4673-B680-41B41E1E045C}
	EndGlobalSection
EndGlobal
